// !$*UTF8*$!
{
	archiveVersion = 1;
	classes = {
	};
	objectVersion = 46;
	objects = {

/* Begin PBXBuildFile section */
		0DF3596205142DFC78D46041 /* OMSourceHandler.cpp */ = {isa = PBXBuildFile; fileRef = DA77799D8D59DC6589D2879A; };
		12B0DB2C90DA52EED89C7C34 /* OMAudioFileWriter.cpp */ = {isa = PBXBuildFile; fileRef = 00D07FA33BB0D40ED9DE1CA2; };
		14475B9A562F9FD1891263A5 /* QuartzCore.framework */ = {isa = PBXBuildFile; fileRef = 93FAF96D290286967EC452C8; };
		14BE7E7716F9031DBE1FB355 /* include_juce_data_structures.mm */ = {isa = PBXBuildFile; fileRef = 085F49EBCC33986A26307FCA; };
		2AF6D9822AA29EC4607705B4 /* AudioToolbox.framework */ = {isa = PBXBuildFile; fileRef = DC2713A8A460E187DB22BC61; };
		314B830272B7D6457B147E48 /* Dynamic Library */ = {isa = PBXBuildFile; fileRef = 9B0BBD79374240C17FE3DE86; };
		3E4DDCB4AF19EEB0D6D6C4A5 /* include_juce_audio_formats.mm */ = {isa = PBXBuildFile; fileRef = 962DC84000EE4E9BEB4097BF; };
		4263D68D17FB9258AD4FAA7F /* OMPlayer.cpp */ = {isa = PBXBuildFile; fileRef = FFFC75DA57FBBF4FF348E701; };
		4CE7FD5EF0F1494DF559E7E3 /* OMAudioFileSource.cpp */ = {isa = PBXBuildFile; fileRef = 033211CB75D3D7876FD7ED91; };
		56F34388E58DD978FF7607E9 /* Cocoa.framework */ = {isa = PBXBuildFile; fileRef = CB4A19E6EECDEE72B03AC61B; };
		664B97C1651D656E9158A8BA /* Accelerate.framework */ = {isa = PBXBuildFile; fileRef = 4139AE8F33830D333E28BA71; };
		684C662D0F1FAA7282D68BDF /* include_juce_audio_devices.mm */ = {isa = PBXBuildFile; fileRef = C26A63B5AE91EDCF6B23B96B; };
		7B0F2F87C0613687D1068607 /* IOKit.framework */ = {isa = PBXBuildFile; fileRef = 6DE092613A912D1A300DC36A; };
		7DE26F420A90343065C45B41 /* RecentFilesMenuTemplate.nib */ = {isa = PBXBuildFile; fileRef = 64BC3D444BAD4158AF971976; };
		8BA4250AA204E3E33AA05A2D /* include_juce_audio_basics.mm */ = {isa = PBXBuildFile; fileRef = 30D81A8504953563AA5E6BBA; };
		91BF19B13BFF953042AF831E /* CoreMIDI.framework */ = {isa = PBXBuildFile; fileRef = ED92A46FFA72E82A226C119E; };
		9B506D2E43E2D14F3F501639 /* AudioLibAPI.cpp */ = {isa = PBXBuildFile; fileRef = D2BAD66E08793EDFE3563761; };
		C85B6EB63AA1EA3D4A7C7498 /* OMAudioBufferSource.cpp */ = {isa = PBXBuildFile; fileRef = C2C791E28E09B9BC694A82DB; };
		CB7E5B8BC6185956C6E8AF05 /* CoreAudio.framework */ = {isa = PBXBuildFile; fileRef = E875CC02997211F29FA55BFA; };
		DCA6E85FC8E6771BBDC5081B /* Foundation.framework */ = {isa = PBXBuildFile; fileRef = D3F920D2765DAE05653EEB79; };
		F08A9A63A3816C7B63CFEFDB /* include_juce_core.mm */ = {isa = PBXBuildFile; fileRef = F9C8763C0C5D7CE7F0F94073; };
		F3F0C8C7DDF2A72751D7C727 /* include_juce_events.mm */ = {isa = PBXBuildFile; fileRef = 715D57A3AA51DBABB7E90608; };
		F7D258FB8E981C598D9AF28D /* OMAudioFileReader.cpp */ = {isa = PBXBuildFile; fileRef = 7B6728B0A5F9F1DB22863273; };
/* End PBXBuildFile section */

/* Begin PBXFileReference section */
		00D07FA33BB0D40ED9DE1CA2 /* OMAudioFileWriter.cpp */ /* OMAudioFileWriter.cpp */ = {isa = PBXFileReference; lastKnownFileType = sourcecode.cpp.cpp; name = OMAudioFileWriter.cpp; path = ../../Source/OMAudioFileWriter.cpp; sourceTree = SOURCE_ROOT; };
		033211CB75D3D7876FD7ED91 /* OMAudioFileSource.cpp */ /* OMAudioFileSource.cpp */ = {isa = PBXFileReference; lastKnownFileType = sourcecode.cpp.cpp; name = OMAudioFileSource.cpp; path = ../../Source/OMAudioFileSource.cpp; sourceTree = SOURCE_ROOT; };
		085F49EBCC33986A26307FCA /* include_juce_data_structures.mm */ /* include_juce_data_structures.mm */ = {isa = PBXFileReference; lastKnownFileType = sourcecode.cpp.objcpp; name = include_juce_data_structures.mm; path = ../../JuceLibraryCode/include_juce_data_structures.mm; sourceTree = SOURCE_ROOT; };
		0AE19B13317C5B17AA5D8CE8 /* JuceHeader.h */ /* JuceHeader.h */ = {isa = PBXFileReference; lastKnownFileType = sourcecode.c.h; name = JuceHeader.h; path = ../../JuceLibraryCode/JuceHeader.h; sourceTree = SOURCE_ROOT; };
		0DABBB60ECF681547768509E /* juce_core */ /* juce_core */ = {isa = PBXFileReference; lastKnownFileType = folder; name = juce_core; path = ../../JuceLibraryCode/modules/juce_core; sourceTree = SOURCE_ROOT; };
		30D81A8504953563AA5E6BBA /* include_juce_audio_basics.mm */ /* include_juce_audio_basics.mm */ = {isa = PBXFileReference; lastKnownFileType = sourcecode.cpp.objcpp; name = include_juce_audio_basics.mm; path = ../../JuceLibraryCode/include_juce_audio_basics.mm; sourceTree = SOURCE_ROOT; };
		3265E8F9FA874E6155F0388A /* juce_audio_formats */ /* juce_audio_formats */ = {isa = PBXFileReference; lastKnownFileType = folder; name = juce_audio_formats; path = ../../JuceLibraryCode/modules/juce_audio_formats; sourceTree = SOURCE_ROOT; };
		3596FFCC69CF845002D046B3 /* juce_audio_basics */ /* juce_audio_basics */ = {isa = PBXFileReference; lastKnownFileType = folder; name = juce_audio_basics; path = ../../JuceLibraryCode/modules/juce_audio_basics; sourceTree = SOURCE_ROOT; };
		3601046C88FE4C4CD58453AB /* AppConfig.h */ /* AppConfig.h */ = {isa = PBXFileReference; lastKnownFileType = sourcecode.c.h; name = AppConfig.h; path = ../../JuceLibraryCode/AppConfig.h; sourceTree = SOURCE_ROOT; };
		4139AE8F33830D333E28BA71 /* Accelerate.framework */ /* Accelerate.framework */ = {isa = PBXFileReference; lastKnownFileType = wrapper.framework; name = Accelerate.framework; path = System/Library/Frameworks/Accelerate.framework; sourceTree = SDKROOT; };
		4D2F605C36A6695FAC91A144 /* OMAudioFileWriter.hpp */ /* OMAudioFileWriter.hpp */ = {isa = PBXFileReference; lastKnownFileType = sourcecode.c.h; name = OMAudioFileWriter.hpp; path = ../../Source/OMAudioFileWriter.hpp; sourceTree = SOURCE_ROOT; };
		6380AB775289BABDC4A008A3 /* juce_data_structures */ /* juce_data_structures */ = {isa = PBXFileReference; lastKnownFileType = folder; name = juce_data_structures; path = ../../JuceLibraryCode/modules/juce_data_structures; sourceTree = SOURCE_ROOT; };
		64BC3D444BAD4158AF971976 /* RecentFilesMenuTemplate.nib */ /* RecentFilesMenuTemplate.nib */ = {isa = PBXFileReference; lastKnownFileType = file.nib; name = RecentFilesMenuTemplate.nib; path = RecentFilesMenuTemplate.nib; sourceTree = SOURCE_ROOT; };
		6DE092613A912D1A300DC36A /* IOKit.framework */ /* IOKit.framework */ = {isa = PBXFileReference; lastKnownFileType = wrapper.framework; name = IOKit.framework; path = System/Library/Frameworks/IOKit.framework; sourceTree = SDKROOT; };
		715D57A3AA51DBABB7E90608 /* include_juce_events.mm */ /* include_juce_events.mm */ = {isa = PBXFileReference; lastKnownFileType = sourcecode.cpp.objcpp; name = include_juce_events.mm; path = ../../JuceLibraryCode/include_juce_events.mm; sourceTree = SOURCE_ROOT; };
		7B6728B0A5F9F1DB22863273 /* OMAudioFileReader.cpp */ /* OMAudioFileReader.cpp */ = {isa = PBXFileReference; lastKnownFileType = sourcecode.cpp.cpp; name = OMAudioFileReader.cpp; path = ../../Source/OMAudioFileReader.cpp; sourceTree = SOURCE_ROOT; };
		7FAA4F2A1C3B789EA4793A4B /* AudioLibAPI.hpp */ /* AudioLibAPI.hpp */ = {isa = PBXFileReference; lastKnownFileType = sourcecode.c.h; name = AudioLibAPI.hpp; path = ../../Source/AudioLibAPI.hpp; sourceTree = SOURCE_ROOT; };
		93FAF96D290286967EC452C8 /* QuartzCore.framework */ /* QuartzCore.framework */ = {isa = PBXFileReference; lastKnownFileType = wrapper.framework; name = QuartzCore.framework; path = System/Library/Frameworks/QuartzCore.framework; sourceTree = SDKROOT; };
		962DC84000EE4E9BEB4097BF /* include_juce_audio_formats.mm */ /* include_juce_audio_formats.mm */ = {isa = PBXFileReference; lastKnownFileType = sourcecode.cpp.objcpp; name = include_juce_audio_formats.mm; path = ../../JuceLibraryCode/include_juce_audio_formats.mm; sourceTree = SOURCE_ROOT; };
		974BE7BE46914D1887A72221 /* OMPlayer.hpp */ /* OMPlayer.hpp */ = {isa = PBXFileReference; lastKnownFileType = sourcecode.c.h; name = OMPlayer.hpp; path = ../../Source/OMPlayer.hpp; sourceTree = SOURCE_ROOT; };
		9B0BBD79374240C17FE3DE86 /* Dynamic Library */ = {isa = PBXFileReference; explicitFileType = "compiled.mach-o.dylib"; includeInIndex = 0; path = omaudiolib.dylib; sourceTree = BUILT_PRODUCTS_DIR; };
		B65438223FDC435D87E73276 /* OMAudioBufferSource.hpp */ /* OMAudioBufferSource.hpp */ = {isa = PBXFileReference; lastKnownFileType = sourcecode.c.h; name = OMAudioBufferSource.hpp; path = ../../Source/OMAudioBufferSource.hpp; sourceTree = SOURCE_ROOT; };
		C26A63B5AE91EDCF6B23B96B /* include_juce_audio_devices.mm */ /* include_juce_audio_devices.mm */ = {isa = PBXFileReference; lastKnownFileType = sourcecode.cpp.objcpp; name = include_juce_audio_devices.mm; path = ../../JuceLibraryCode/include_juce_audio_devices.mm; sourceTree = SOURCE_ROOT; };
		C2C791E28E09B9BC694A82DB /* OMAudioBufferSource.cpp */ /* OMAudioBufferSource.cpp */ = {isa = PBXFileReference; lastKnownFileType = sourcecode.cpp.cpp; name = OMAudioBufferSource.cpp; path = ../../Source/OMAudioBufferSource.cpp; sourceTree = SOURCE_ROOT; };
		C8D9C0D97CC43044093EE5C4 /* OMAudioFileReader.hpp */ /* OMAudioFileReader.hpp */ = {isa = PBXFileReference; lastKnownFileType = sourcecode.c.h; name = OMAudioFileReader.hpp; path = ../../Source/OMAudioFileReader.hpp; sourceTree = SOURCE_ROOT; };
		C95F74724F2B833CDF2E50FB /* OMSourceHandler.hpp */ /* OMSourceHandler.hpp */ = {isa = PBXFileReference; lastKnownFileType = sourcecode.c.h; name = OMSourceHandler.hpp; path = ../../Source/OMSourceHandler.hpp; sourceTree = SOURCE_ROOT; };
		CB4A19E6EECDEE72B03AC61B /* Cocoa.framework */ /* Cocoa.framework */ = {isa = PBXFileReference; lastKnownFileType = wrapper.framework; name = Cocoa.framework; path = System/Library/Frameworks/Cocoa.framework; sourceTree = SDKROOT; };
		D2BAD66E08793EDFE3563761 /* AudioLibAPI.cpp */ /* AudioLibAPI.cpp */ = {isa = PBXFileReference; lastKnownFileType = sourcecode.cpp.cpp; name = AudioLibAPI.cpp; path = ../../Source/AudioLibAPI.cpp; sourceTree = SOURCE_ROOT; };
		D3F920D2765DAE05653EEB79 /* Foundation.framework */ /* Foundation.framework */ = {isa = PBXFileReference; lastKnownFileType = wrapper.framework; name = Foundation.framework; path = System/Library/Frameworks/Foundation.framework; sourceTree = SDKROOT; };
		DA77799D8D59DC6589D2879A /* OMSourceHandler.cpp */ /* OMSourceHandler.cpp */ = {isa = PBXFileReference; lastKnownFileType = sourcecode.cpp.cpp; name = OMSourceHandler.cpp; path = ../../Source/OMSourceHandler.cpp; sourceTree = SOURCE_ROOT; };
		DAC248F569EFAD23C8D6E45A /* juce_events */ /* juce_events */ = {isa = PBXFileReference; lastKnownFileType = folder; name = juce_events; path = ../../JuceLibraryCode/modules/juce_events; sourceTree = SOURCE_ROOT; };
		DC2713A8A460E187DB22BC61 /* AudioToolbox.framework */ /* AudioToolbox.framework */ = {isa = PBXFileReference; lastKnownFileType = wrapper.framework; name = AudioToolbox.framework; path = System/Library/Frameworks/AudioToolbox.framework; sourceTree = SDKROOT; };
		E875CC02997211F29FA55BFA /* CoreAudio.framework */ /* CoreAudio.framework */ = {isa = PBXFileReference; lastKnownFileType = wrapper.framework; name = CoreAudio.framework; path = System/Library/Frameworks/CoreAudio.framework; sourceTree = SDKROOT; };
		E8F018A48C7F755EEC1831E0 /* juce_audio_devices */ /* juce_audio_devices */ = {isa = PBXFileReference; lastKnownFileType = folder; name = juce_audio_devices; path = ../../JuceLibraryCode/modules/juce_audio_devices; sourceTree = SOURCE_ROOT; };
		ED92A46FFA72E82A226C119E /* CoreMIDI.framework */ /* CoreMIDI.framework */ = {isa = PBXFileReference; lastKnownFileType = wrapper.framework; name = CoreMIDI.framework; path = System/Library/Frameworks/CoreMIDI.framework; sourceTree = SDKROOT; };
		F5609E57C1DD884248EDE2E6 /* OMAudioFileSource.hpp */ /* OMAudioFileSource.hpp */ = {isa = PBXFileReference; lastKnownFileType = sourcecode.c.h; name = OMAudioFileSource.hpp; path = ../../Source/OMAudioFileSource.hpp; sourceTree = SOURCE_ROOT; };
		F9C8763C0C5D7CE7F0F94073 /* include_juce_core.mm */ /* include_juce_core.mm */ = {isa = PBXFileReference; lastKnownFileType = sourcecode.cpp.objcpp; name = include_juce_core.mm; path = ../../JuceLibraryCode/include_juce_core.mm; sourceTree = SOURCE_ROOT; };
		FFFC75DA57FBBF4FF348E701 /* OMPlayer.cpp */ /* OMPlayer.cpp */ = {isa = PBXFileReference; lastKnownFileType = sourcecode.cpp.cpp; name = OMPlayer.cpp; path = ../../Source/OMPlayer.cpp; sourceTree = SOURCE_ROOT; };
/* End PBXFileReference section */

/* Begin PBXFrameworksBuildPhase section */
		F61198D7E84AE155BA9CBD8F = {
			isa = PBXFrameworksBuildPhase;
			buildActionMask = 2147483647;
			files = (
				664B97C1651D656E9158A8BA,
				2AF6D9822AA29EC4607705B4,
				56F34388E58DD978FF7607E9,
				CB7E5B8BC6185956C6E8AF05,
				91BF19B13BFF953042AF831E,
				DCA6E85FC8E6771BBDC5081B,
				7B0F2F87C0613687D1068607,
				14475B9A562F9FD1891263A5,
			);
			runOnlyForDeploymentPostprocessing = 0;
		};
/* End PBXFrameworksBuildPhase section */

/* Begin PBXGroup section */
		15DBD61BB96270E0D71D57A9 /* omaudiolib */ = {
			isa = PBXGroup;
			children = (
				F2355D573B745E6B49477757,
			);
			name = omaudiolib;
			sourceTree = "<group>";
		};
		285C9D785A4FC2325946E53E /* JUCE Modules */ = {
			isa = PBXGroup;
			children = (
				3596FFCC69CF845002D046B3,
				E8F018A48C7F755EEC1831E0,
				3265E8F9FA874E6155F0388A,
				0DABBB60ECF681547768509E,
				6380AB775289BABDC4A008A3,
				DAC248F569EFAD23C8D6E45A,
			);
			name = "JUCE Modules";
			sourceTree = "<group>";
		};
		35B3A34B3ED29E5585D5B8FE /* Products */ = {
			isa = PBXGroup;
			children = (
				9B0BBD79374240C17FE3DE86,
			);
			name = Products;
			sourceTree = "<group>";
		};
		5C2BE7BE6C2A11114D52B672 /* Resources */ = {
			isa = PBXGroup;
			children = (
				64BC3D444BAD4158AF971976,
			);
			name = Resources;
			sourceTree = "<group>";
		};
		72E89C6F7EADE457BCD56ED9 /* JUCE Library Code */ = {
			isa = PBXGroup;
			children = (
				3601046C88FE4C4CD58453AB,
				30D81A8504953563AA5E6BBA,
				C26A63B5AE91EDCF6B23B96B,
				962DC84000EE4E9BEB4097BF,
				F9C8763C0C5D7CE7F0F94073,
				085F49EBCC33986A26307FCA,
				715D57A3AA51DBABB7E90608,
				0AE19B13317C5B17AA5D8CE8,
			);
			name = "JUCE Library Code";
			sourceTree = "<group>";
		};
		90CEDA87E95130953B988179 /* Frameworks */ = {
			isa = PBXGroup;
			children = (
				4139AE8F33830D333E28BA71,
				DC2713A8A460E187DB22BC61,
				CB4A19E6EECDEE72B03AC61B,
				E875CC02997211F29FA55BFA,
				ED92A46FFA72E82A226C119E,
				D3F920D2765DAE05653EEB79,
				6DE092613A912D1A300DC36A,
				93FAF96D290286967EC452C8,
			);
			name = Frameworks;
			sourceTree = "<group>";
		};
		91F4927F05AE22DE2AA4FD13 /* Source */ = {
			isa = PBXGroup;
			children = (
				15DBD61BB96270E0D71D57A9,
				285C9D785A4FC2325946E53E,
				72E89C6F7EADE457BCD56ED9,
				5C2BE7BE6C2A11114D52B672,
				90CEDA87E95130953B988179,
				35B3A34B3ED29E5585D5B8FE,
			);
			name = Source;
			sourceTree = "<group>";
		};
		F2355D573B745E6B49477757 /* Source */ = {
			isa = PBXGroup;
			children = (
				D2BAD66E08793EDFE3563761,
				7FAA4F2A1C3B789EA4793A4B,
				C2C791E28E09B9BC694A82DB,
				B65438223FDC435D87E73276,
				7B6728B0A5F9F1DB22863273,
				C8D9C0D97CC43044093EE5C4,
				033211CB75D3D7876FD7ED91,
				F5609E57C1DD884248EDE2E6,
				00D07FA33BB0D40ED9DE1CA2,
				4D2F605C36A6695FAC91A144,
				FFFC75DA57FBBF4FF348E701,
				974BE7BE46914D1887A72221,
				DA77799D8D59DC6589D2879A,
				C95F74724F2B833CDF2E50FB,
			);
			name = Source;
			sourceTree = "<group>";
		};
/* End PBXGroup section */

/* Begin PBXNativeTarget section */
		7A7FD46100BF55F6CEFDE664 /* omaudiolib - Dynamic Library */ = {
			isa = PBXNativeTarget;
			buildConfigurationList = 2EA9F98CAF45A5D5DF441816;
			buildPhases = (
				22EEF85F11A4FDA01900BE01,
				037B92E842F64C3D330229D4,
				F61198D7E84AE155BA9CBD8F,
			);
			buildRules = (
			);
			dependencies = (
			);
			name = "omaudiolib - Dynamic Library";
			productName = omaudiolib;
			productReference = 9B0BBD79374240C17FE3DE86;
			productType = "com.apple.product-type.library.dynamic";
		};
/* End PBXNativeTarget section */

/* Begin PBXProject section */
		3844FF6F47D8BD1751C0727E = {
			isa = PBXProject;
			attributes = {
				LastUpgradeCheck = 1320;
				ORGANIZATIONNAME = "";
			};
			buildConfigurationList = BC87D477454137C5DEEC3773;
			compatibilityVersion = "Xcode 3.2";
			hasScannedForEncodings = 0;
			knownRegions = (
				en,
				Base,
			);
			mainGroup = 91F4927F05AE22DE2AA4FD13;
			projectDirPath = "";
			projectRoot = "";
			targets = (
				7A7FD46100BF55F6CEFDE664,
			);
		};
/* End PBXProject section */

/* Begin PBXResourcesBuildPhase section */
		22EEF85F11A4FDA01900BE01 = {
			isa = PBXResourcesBuildPhase;
			buildActionMask = 2147483647;
			files = (
				7DE26F420A90343065C45B41,
			);
			runOnlyForDeploymentPostprocessing = 0;
		};
/* End PBXResourcesBuildPhase section */

/* Begin PBXSourcesBuildPhase section */
		037B92E842F64C3D330229D4 = {
			isa = PBXSourcesBuildPhase;
			buildActionMask = 2147483647;
			files = (
				9B506D2E43E2D14F3F501639,
				C85B6EB63AA1EA3D4A7C7498,
				F7D258FB8E981C598D9AF28D,
				4CE7FD5EF0F1494DF559E7E3,
				12B0DB2C90DA52EED89C7C34,
				4263D68D17FB9258AD4FAA7F,
				0DF3596205142DFC78D46041,
				8BA4250AA204E3E33AA05A2D,
				684C662D0F1FAA7282D68BDF,
				3E4DDCB4AF19EEB0D6D6C4A5,
				F08A9A63A3816C7B63CFEFDB,
				14BE7E7716F9031DBE1FB355,
				F3F0C8C7DDF2A72751D7C727,
			);
			runOnlyForDeploymentPostprocessing = 0;
		};
/* End PBXSourcesBuildPhase section */

/* Begin XCBuildConfiguration section */
		32381DAC4A21E01F31DDE0C5 /* Debug */ = {
			isa = XCBuildConfiguration;
			buildSettings = {
				ALWAYS_SEARCH_USER_PATHS = NO;
				CLANG_ENABLE_OBJC_WEAK = YES;
				CLANG_WARN_BLOCK_CAPTURE_AUTORELEASING = YES;
				CLANG_WARN_BOOL_CONVERSION = YES;
				CLANG_WARN_COMMA = YES;
				CLANG_WARN_CONSTANT_CONVERSION = YES;
				CLANG_WARN_DEPRECATED_OBJC_IMPLEMENTATIONS = YES;
				CLANG_WARN_EMPTY_BODY = YES;
				CLANG_WARN_ENUM_CONVERSION = YES;
				CLANG_WARN_INFINITE_RECURSION = YES;
				CLANG_WARN_INT_CONVERSION = YES;
				CLANG_WARN_NON_LITERAL_NULL_CONVERSION = YES;
				CLANG_WARN_OBJC_IMPLICIT_RETAIN_SELF = YES;
				CLANG_WARN_OBJC_LITERAL_CONVERSION = YES;
				CLANG_WARN_RANGE_LOOP_ANALYSIS = YES;
				CLANG_WARN_STRICT_PROTOTYPES = YES;
				CLANG_WARN_SUSPICIOUS_MOVE = YES;
				CLANG_WARN_UNREACHABLE_CODE = YES;
				CLANG_WARN__DUPLICATE_METHOD_MATCH = YES;
				CODE_SIGN_IDENTITY = "";
				DEBUG_INFORMATION_FORMAT = dwarf;
				ENABLE_STRICT_OBJC_MSGSEND = YES;
				ENABLE_TESTABILITY = NO;
				GCC_C_LANGUAGE_STANDARD = c11;
				GCC_INLINES_ARE_PRIVATE_EXTERN = YES;
				GCC_MODEL_TUNING = G5;
				GCC_NO_COMMON_BLOCKS = YES;
				GCC_SYMBOLS_PRIVATE_EXTERN = YES;
				GCC_WARN_64_TO_32_BIT_CONVERSION = YES;
				GCC_WARN_ABOUT_RETURN_TYPE = YES;
				GCC_WARN_CHECK_SWITCH_STATEMENTS = YES;
				GCC_WARN_MISSING_PARENTHESES = YES;
				GCC_WARN_NON_VIRTUAL_DESTRUCTOR = YES;
				GCC_WARN_TYPECHECK_CALLS_TO_PRINTF = YES;
				GCC_WARN_UNDECLARED_SELECTOR = YES;
				GCC_WARN_UNINITIALIZED_AUTOS = YES;
				GCC_WARN_UNUSED_FUNCTION = YES;
				GCC_WARN_UNUSED_VARIABLE = YES;
				ONLY_ACTIVE_ARCH = YES;
				PRODUCT_NAME = "omaudiolib";
				SDKROOT = macosx;
				WARNING_CFLAGS = "-Wreorder";
				ZERO_LINK = NO;
			};
			name = Debug;
		};
		3F08874F7F39CE55C9316A41 /* Debug */ = {
			isa = XCBuildConfiguration;
			buildSettings = {
				CLANG_CXX_LANGUAGE_STANDARD = "c++14";
				CLANG_CXX_LIBRARY = "libc++";
				CLANG_LINK_OBJC_RUNTIME = NO;
				CODE_SIGN_IDENTITY = "";
				COMBINE_HIDPI_IMAGES = YES;
				CONFIGURATION_BUILD_DIR = "$(PROJECT_DIR)/build/$(CONFIGURATION)";
				COPY_PHASE_STRIP = NO;
				EXCLUDED_ARCHS = "";
				GCC_DYNAMIC_NO_PIC = NO;
				GCC_OPTIMIZATION_LEVEL = 0;
				GCC_PREPROCESSOR_DEFINITIONS = (
					"_DEBUG=1",
					"DEBUG=1",
					"JUCER_XCODE_MAC_14B734C3=1",
					"JUCE_APP_VERSION=1.0.0",
					"JUCE_APP_VERSION_HEX=0x10000",
					"JucePlugin_Build_VST=0",
					"JucePlugin_Build_VST3=0",
					"JucePlugin_Build_AU=0",
					"JucePlugin_Build_AUv3=0",
					"JucePlugin_Build_RTAS=0",
					"JucePlugin_Build_AAX=0",
					"JucePlugin_Build_Standalone=0",
					"JucePlugin_Build_Unity=0",
				);
				GCC_VERSION = com.apple.compilers.llvm.clang.1_0;
				HEADER_SEARCH_PATHS = (
					"$(SRCROOT)/../../JuceLibraryCode",
					"$(SRCROOT)/../../JuceLibraryCode/modules",
					"$(inherited)",
				);
				MACOSX_DEPLOYMENT_TARGET = 10.8;
				MTL_HEADER_SEARCH_PATHS = "$(SRCROOT)/../../JuceLibraryCode $(SRCROOT)/../../JuceLibraryCode/modules";
				PRODUCT_BUNDLE_IDENTIFIER = com.ircam.omaudiolib;
				PRODUCT_NAME = "omaudiolib";
				USE_HEADERMAP = NO;
				VALID_ARCHS = "i386 x86_64 arm64 arm64e";
			};
			name = Debug;
		};
		709962097F2C5D99F1195F0D /* Release */ = {
			isa = XCBuildConfiguration;
			buildSettings = {
				ALWAYS_SEARCH_USER_PATHS = NO;
				CLANG_ENABLE_OBJC_WEAK = YES;
				CLANG_WARN_BLOCK_CAPTURE_AUTORELEASING = YES;
				CLANG_WARN_BOOL_CONVERSION = YES;
				CLANG_WARN_COMMA = YES;
				CLANG_WARN_CONSTANT_CONVERSION = YES;
				CLANG_WARN_DEPRECATED_OBJC_IMPLEMENTATIONS = YES;
				CLANG_WARN_EMPTY_BODY = YES;
				CLANG_WARN_ENUM_CONVERSION = YES;
				CLANG_WARN_INFINITE_RECURSION = YES;
				CLANG_WARN_INT_CONVERSION = YES;
				CLANG_WARN_NON_LITERAL_NULL_CONVERSION = YES;
				CLANG_WARN_OBJC_IMPLICIT_RETAIN_SELF = YES;
				CLANG_WARN_OBJC_LITERAL_CONVERSION = YES;
				CLANG_WARN_RANGE_LOOP_ANALYSIS = YES;
				CLANG_WARN_STRICT_PROTOTYPES = YES;
				CLANG_WARN_SUSPICIOUS_MOVE = YES;
				CLANG_WARN_UNREACHABLE_CODE = YES;
				CLANG_WARN__DUPLICATE_METHOD_MATCH = YES;
				CODE_SIGN_IDENTITY = "";
				DEBUG_INFORMATION_FORMAT = dwarf;
				ENABLE_STRICT_OBJC_MSGSEND = YES;
				ENABLE_TESTABILITY = NO;
				GCC_C_LANGUAGE_STANDARD = c11;
				GCC_INLINES_ARE_PRIVATE_EXTERN = YES;
				GCC_MODEL_TUNING = G5;
				GCC_NO_COMMON_BLOCKS = YES;
				GCC_SYMBOLS_PRIVATE_EXTERN = YES;
				GCC_WARN_64_TO_32_BIT_CONVERSION = YES;
				GCC_WARN_ABOUT_RETURN_TYPE = YES;
				GCC_WARN_CHECK_SWITCH_STATEMENTS = YES;
				GCC_WARN_MISSING_PARENTHESES = YES;
				GCC_WARN_NON_VIRTUAL_DESTRUCTOR = YES;
				GCC_WARN_TYPECHECK_CALLS_TO_PRINTF = YES;
				GCC_WARN_UNDECLARED_SELECTOR = YES;
				GCC_WARN_UNINITIALIZED_AUTOS = YES;
				GCC_WARN_UNUSED_FUNCTION = YES;
				GCC_WARN_UNUSED_VARIABLE = YES;
				PRODUCT_NAME = "omaudiolib";
				SDKROOT = macosx;
				WARNING_CFLAGS = "-Wreorder";
				ZERO_LINK = NO;
			};
			name = Release;
		};
		C25BA807057E2EE84238136F /* Release */ = {
			isa = XCBuildConfiguration;
			buildSettings = {
				CLANG_CXX_LANGUAGE_STANDARD = "c++14";
				CLANG_CXX_LIBRARY = "libc++";
				CLANG_LINK_OBJC_RUNTIME = NO;
				CODE_SIGN_IDENTITY = "";
				COMBINE_HIDPI_IMAGES = YES;
				CONFIGURATION_BUILD_DIR = "$(PROJECT_DIR)/build/$(CONFIGURATION)";
				DEAD_CODE_STRIPPING = YES;
				EXCLUDED_ARCHS = "";
				GCC_GENERATE_DEBUGGING_SYMBOLS = NO;
				GCC_OPTIMIZATION_LEVEL = 3;
				GCC_PREPROCESSOR_DEFINITIONS = (
					"_NDEBUG=1",
					"NDEBUG=1",
					"JUCER_XCODE_MAC_14B734C3=1",
					"JUCE_APP_VERSION=1.0.0",
					"JUCE_APP_VERSION_HEX=0x10000",
					"JucePlugin_Build_VST=0",
					"JucePlugin_Build_VST3=0",
					"JucePlugin_Build_AU=0",
					"JucePlugin_Build_AUv3=0",
					"JucePlugin_Build_RTAS=0",
					"JucePlugin_Build_AAX=0",
					"JucePlugin_Build_Standalone=0",
					"JucePlugin_Build_Unity=0",
				);
				GCC_VERSION = com.apple.compilers.llvm.clang.1_0;
				HEADER_SEARCH_PATHS = (
					"$(SRCROOT)/../../JuceLibraryCode",
					"$(SRCROOT)/../../JuceLibraryCode/modules",
					"$(inherited)",
				);
				LLVM_LTO = YES;
				MACOSX_DEPLOYMENT_TARGET = 10.8;
				MTL_HEADER_SEARCH_PATHS = "$(SRCROOT)/../../JuceLibraryCode $(SRCROOT)/../../JuceLibraryCode/modules";
				PRODUCT_BUNDLE_IDENTIFIER = com.ircam.omaudiolib;
				PRODUCT_NAME = "omaudiolib";
				USE_HEADERMAP = NO;
				VALID_ARCHS = "i386 x86_64 arm64 arm64e";
			};
			name = Release;
		};
/* End XCBuildConfiguration section */

/* Begin XCConfigurationList section */
		2EA9F98CAF45A5D5DF441816 = {
			isa = XCConfigurationList;
			buildConfigurations = (
				3F08874F7F39CE55C9316A41,
				C25BA807057E2EE84238136F,
			);
			defaultConfigurationIsVisible = 0;
			defaultConfigurationName = Debug;
		};
		BC87D477454137C5DEEC3773 = {
			isa = XCConfigurationList;
			buildConfigurations = (
				32381DAC4A21E01F31DDE0C5,
				709962097F2C5D99F1195F0D,
			);
			defaultConfigurationIsVisible = 0;
			defaultConfigurationName = Debug;
		};
/* End XCConfigurationList section */
	};
	rootObject = 3844FF6F47D8BD1751C0727E /* Project object */;
}
